# THIS IS AN AUTOGENERATED FILE. DO NOT EDIT THIS FILE DIRECTLY.
# yarn lockfile v1


"@playwright/test@1.24.2":
  version "1.24.2"
  resolved "https://registry.yarnpkg.com/@playwright/test/-/test-1.24.2.tgz#283ea8cc497f9742037458659bf235f4776cf1f0"
  integrity sha512-Q4X224pRHw4Dtkk5PoNJplZCokLNvVbXD9wDQEMrHcEuvWpJWEQDeJ9gEwkZ3iCWSFSWBshIX177B231XW4wOQ==
  dependencies:
    "@types/node" "*"
    playwright-core "1.24.2"

"@types/node@*":
  version "17.0.31"
  resolved "https://registry.yarnpkg.com/@types/node/-/node-17.0.31.tgz#a5bb84ecfa27eec5e1c802c6bbf8139bdb163a5d"
  integrity sha512-AR0x5HbXGqkEx9CadRH3EBYx/VkiUgZIhP4wvPn/+5KIsgpNoyFaRlVe0Zlx9gRtg8fA06a9tskE2MSN7TcG4Q==

playwright-core@1.24.2:
  version "1.24.2"
  resolved "https://registry.yarnpkg.com/playwright-core/-/playwright-core-1.24.2.tgz#47bc5adf3dcfcc297a5a7a332449c9009987db26"
  integrity sha512-zfAoDoPY/0sDLsgSgLZwWmSCevIg1ym7CppBwllguVBNiHeixZkc1AdMuYUPZC6AdEYc4CxWEyLMBTw2YcmRrA==

playwright@^1.24.2:
  version "1.24.2"
  resolved "https://registry.yarnpkg.com/playwright/-/playwright-1.24.2.tgz#51e60f128b386023e5ee83deca23453aaf73ba6d"
  integrity sha512-iMWDLgaFRT+7dXsNeYwgl8nhLHsUrzFyaRVC+ftr++P1dVs70mPrFKBZrGp1fOKigHV9d1syC03IpPbqLKlPsg==
  dependencies:
    playwright-core "1.24.2"
