# THIS IS AN AUTOGENERATED FILE. DO NOT EDIT THIS FILE DIRECTLY.
# yarn lockfile v1


"@playwright/test@1.24.2":
  version "1.24.2"
  resolved "https://registry.yarnpkg.com/@playwright/test/-/test-1.24.2.tgz#283ea8cc497f9742037458659bf235f4776cf1f0"
  integrity sha512-Q4X224pRHw4Dtkk5PoNJplZCokLNvVbXD9wDQEMrHcEuvWpJWEQDeJ9gEwkZ3iCWSFSWBshIX177B231XW4wOQ==
  dependencies:
    "@types/node" "*"
    playwright-core "1.24.2"

"@types/node@*":
  version "20.10.5"
  resolved "https://registry.yarnpkg.com/@types/node/-/node-20.10.5.tgz#47ad460b514096b7ed63a1dae26fad0914ed3ab2"
  integrity sha512-nNPsNE65wjMxEKI93yOP+NPGGBJz/PoN3kZsVLee0XMiJolxSekEVD8wRwBUBqkwc7UWop0edW50yrCQW4CyRw==
  dependencies:
    undici-types "~5.26.4"

playwright-core@1.24.2:
  version "1.24.2"
  resolved "https://registry.yarnpkg.com/playwright-core/-/playwright-core-1.24.2.tgz#47bc5adf3dcfcc297a5a7a332449c9009987db26"
  integrity sha512-zfAoDoPY/0sDLsgSgLZwWmSCevIg1ym7CppBwllguVBNiHeixZkc1AdMuYUPZC6AdEYc4CxWEyLMBTw2YcmRrA==

playwright@1.24.2:
  version "1.24.2"
  resolved "https://registry.yarnpkg.com/playwright/-/playwright-1.24.2.tgz#51e60f128b386023e5ee83deca23453aaf73ba6d"
  integrity sha512-iMWDLgaFRT+7dXsNeYwgl8nhLHsUrzFyaRVC+ftr++P1dVs70mPrFKBZrGp1fOKigHV9d1syC03IpPbqLKlPsg==
  dependencies:
    playwright-core "1.24.2"

undici-types@~5.26.4:
  version "5.26.5"
  resolved "https://registry.yarnpkg.com/undici-types/-/undici-types-5.26.5.tgz#bcd539893d00b56e964fd2657a4866b221a65617"
  integrity sha512-JlCMO+ehdEIKqlFxk6IfVoAUVmgz7cU7zD/h9XZ0qzeosSHmUJVOzSQvvYSYWXkFXC+IfLKSIffhv0sVZup6pA==
